
Microsoft Visual Studio Solution File, Format Version 12.00
# Visual Studio Version 16
VisualStudioVersion = 16.0.31129.286
MinimumVisualStudioVersion = 10.0.40219.1
Project("{FAE04EC0-301F-11D3-BF4B-00C04F79EFBC}") = "Net_Gis_Falcon", "Net_Gis_Falcon\Net_Gis_Falcon.csproj", "{F86BD6E1-427B-4307-8DE2-1DA73BA5B9EB}"
EndProject
Global
	GlobalSection(SolutionConfigurationPlatforms) = preSolution
		Debug|Any CPU = Debug|Any CPU
		Release|Any CPU = Release|Any CPU
	EndGlobalSection
	GlobalSection(ProjectConfigurationPlatforms) = postSolution
		{F86BD6E1-427B-4307-8DE2-1DA73BA5B9EB}.Debug|Any CPU.ActiveCfg = Debug|Any CPU
		{F86BD6E1-427B-4307-8DE2-1DA73BA5B9EB}.Debug|Any CPU.Build.0 = Debug|Any CPU
		{F86BD6E1-427B-4307-8DE2-1DA73BA5B9EB}.Release|Any CPU.ActiveCfg = Release|Any CPU
		{F86BD6E1-427B-4307-8DE2-1DA73BA5B9EB}.Release|Any CPU.Build.0 = Release|Any CPU
	EndGlobalSection
	GlobalSection(SolutionProperties) = preSolution
		HideSolutionNode = FALSE
	EndGlobalSection
	GlobalSection(ExtensibilityGlobals) = postSolution
		SolutionGuid = {F9912382-FB5C-40A6-8591-537B48E7EA31}
	EndGlobalSection
EndGlobal
