
Microsoft Visual Studio Solution File, Format Version 12.00
# Visual Studio Version 16
VisualStudioVersion = 16.0.31129.286
MinimumVisualStudioVersion = 10.0.40219.1
Project("{FAE04EC0-301F-11D3-BF4B-00C04F79EFBC}") = "MVC_NetGIS", "MVC_NetGIS.csproj", "{22F0067E-D311-4569-A0FA-848E037CB874}"
EndProject
Global
	GlobalSection(SolutionConfigurationPlatforms) = preSolution
		Debug|Any CPU = Debug|Any CPU
		Release|Any CPU = Release|Any CPU
	EndGlobalSection
	GlobalSection(ProjectConfigurationPlatforms) = postSolution
		{22F0067E-D311-4569-A0FA-848E037CB874}.Debug|Any CPU.ActiveCfg = Debug|Any CPU
		{22F0067E-D311-4569-A0FA-848E037CB874}.Debug|Any CPU.Build.0 = Debug|Any CPU
		{22F0067E-D311-4569-A0FA-848E037CB874}.Release|Any CPU.ActiveCfg = Release|Any CPU
		{22F0067E-D311-4569-A0FA-848E037CB874}.Release|Any CPU.Build.0 = Release|Any CPU
	EndGlobalSection
	GlobalSection(SolutionProperties) = preSolution
		HideSolutionNode = FALSE
	EndGlobalSection
	GlobalSection(ExtensibilityGlobals) = postSolution
		SolutionGuid = {B3785A81-18A8-4E5F-BED5-F2AA54AB34F1}
	EndGlobalSection
EndGlobal
